
Microsoft Visual Studio Solution File, Format Version 12.00
# Visual Studio Version 16
VisualStudioVersion = 16.0.30611.23
MinimumVisualStudioVersion = 10.0.40219.1
Project("{2150E333-8FDC-42A3-9474-1A3956D46DE8}") = "Web", "Web", "{1823B559-E142-4E96-B927-DF861817AF4E}"
EndProject
Project("{9A19103F-16F7-4668-BE54-9A1E7A4F7556}") = "A2v10.Core.Web.Site", "Web\A2v10.Core.Web.Site\A2v10.Core.Web.Site.csproj", "{ED8248C6-CE84-469E-A28B-1ED90A2D7CB6}"
EndProject
Project("{9A19103F-16F7-4668-BE54-9A1E7A4F7556}") = "A2v10.Core.Web.Mvc", "Web\A2v10.Core.Web.Mvc\A2v10.Core.Web.Mvc.csproj", "{645A71D3-3CAA-42C7-8C3A-D3AF32999C7C}"
EndProject
Project("{9A19103F-16F7-4668-BE54-9A1E7A4F7556}") = "A2v10.Web.Identity", "Web\A2v10.Web.Identity\A2v10.Web.Identity.csproj", "{09557B3F-0C6A-44C3-898A-485A3EF05854}"
EndProject
Project("{2150E333-8FDC-42A3-9474-1A3956D46DE8}") = "Shared", "Shared", "{16E0B455-399E-4612-927E-C4AE753F187E}"
EndProject
Project("{2150E333-8FDC-42A3-9474-1A3956D46DE8}") = "Solution Items", "Solution Items", "{885646AD-E0D2-4749-BD79-2395286FCF81}"
	ProjectSection(SolutionItems) = preProject
		todo.txt = todo.txt
	EndProjectSection
EndProject
Project("{9A19103F-16F7-4668-BE54-9A1E7A4F7556}") = "A2v10.Xaml", "Shared\A2v10.Xaml\A2v10.Xaml.csproj", "{4008DC76-6D3D-4331-B6EE-AFA3C0AE17B8}"
EndProject
Project("{9A19103F-16F7-4668-BE54-9A1E7A4F7556}") = "A2v10.Web.Config", "Web\A2v10.Web.Config\A2v10.Web.Config.csproj", "{D14947CD-F6E4-4725-8F2D-89858BFD0D7B}"
EndProject
Project("{2150E333-8FDC-42A3-9474-1A3956D46DE8}") = "Common", "Common", "{961DEE71-5A38-44B0-B3B9-FCECC06A33BE}"
EndProject
Project("{9A19103F-16F7-4668-BE54-9A1E7A4F7556}") = "A2v10.System.Xaml", "..\..\Advance\A2v10.Workflow\A2v10.System.Xaml\A2v10.System.Xaml.csproj", "{2B517238-C1A1-4968-A486-C95D3187F4B2}"
EndProject
Project("{9A19103F-16F7-4668-BE54-9A1E7A4F7556}") = "A2v10.Infrastructure", "A2v10.Infrastructure\A2v10.Infrastructure.csproj", "{555B13B6-4F0F-4C19-9939-7D8B6DECB812}"
EndProject
Project("{9A19103F-16F7-4668-BE54-9A1E7A4F7556}") = "A2v10.Services", "A2v10.Services\A2v10.Services.csproj", "{DF3F42D6-C845-4084-B7F4-FC81D10E5BE8}"
EndProject
Global
	GlobalSection(SolutionConfigurationPlatforms) = preSolution
		Debug|Any CPU = Debug|Any CPU
		Release|Any CPU = Release|Any CPU
	EndGlobalSection
	GlobalSection(ProjectConfigurationPlatforms) = postSolution
		{ED8248C6-CE84-469E-A28B-1ED90A2D7CB6}.Debug|Any CPU.ActiveCfg = Debug|Any CPU
		{ED8248C6-CE84-469E-A28B-1ED90A2D7CB6}.Debug|Any CPU.Build.0 = Debug|Any CPU
		{ED8248C6-CE84-469E-A28B-1ED90A2D7CB6}.Release|Any CPU.ActiveCfg = Release|Any CPU
		{ED8248C6-CE84-469E-A28B-1ED90A2D7CB6}.Release|Any CPU.Build.0 = Release|Any CPU
		{645A71D3-3CAA-42C7-8C3A-D3AF32999C7C}.Debug|Any CPU.ActiveCfg = Debug|Any CPU
		{645A71D3-3CAA-42C7-8C3A-D3AF32999C7C}.Debug|Any CPU.Build.0 = Debug|Any CPU
		{645A71D3-3CAA-42C7-8C3A-D3AF32999C7C}.Release|Any CPU.ActiveCfg = Release|Any CPU
		{645A71D3-3CAA-42C7-8C3A-D3AF32999C7C}.Release|Any CPU.Build.0 = Release|Any CPU
		{09557B3F-0C6A-44C3-898A-485A3EF05854}.Debug|Any CPU.ActiveCfg = Debug|Any CPU
		{09557B3F-0C6A-44C3-898A-485A3EF05854}.Debug|Any CPU.Build.0 = Debug|Any CPU
		{09557B3F-0C6A-44C3-898A-485A3EF05854}.Release|Any CPU.ActiveCfg = Release|Any CPU
		{09557B3F-0C6A-44C3-898A-485A3EF05854}.Release|Any CPU.Build.0 = Release|Any CPU
		{4008DC76-6D3D-4331-B6EE-AFA3C0AE17B8}.Debug|Any CPU.ActiveCfg = Debug|Any CPU
		{4008DC76-6D3D-4331-B6EE-AFA3C0AE17B8}.Debug|Any CPU.Build.0 = Debug|Any CPU
		{4008DC76-6D3D-4331-B6EE-AFA3C0AE17B8}.Release|Any CPU.ActiveCfg = Release|Any CPU
		{4008DC76-6D3D-4331-B6EE-AFA3C0AE17B8}.Release|Any CPU.Build.0 = Release|Any CPU
		{D14947CD-F6E4-4725-8F2D-89858BFD0D7B}.Debug|Any CPU.ActiveCfg = Debug|Any CPU
		{D14947CD-F6E4-4725-8F2D-89858BFD0D7B}.Debug|Any CPU.Build.0 = Debug|Any CPU
		{D14947CD-F6E4-4725-8F2D-89858BFD0D7B}.Release|Any CPU.ActiveCfg = Release|Any CPU
		{D14947CD-F6E4-4725-8F2D-89858BFD0D7B}.Release|Any CPU.Build.0 = Release|Any CPU
		{2B517238-C1A1-4968-A486-C95D3187F4B2}.Debug|Any CPU.ActiveCfg = Debug|Any CPU
		{2B517238-C1A1-4968-A486-C95D3187F4B2}.Debug|Any CPU.Build.0 = Debug|Any CPU
		{2B517238-C1A1-4968-A486-C95D3187F4B2}.Release|Any CPU.ActiveCfg = Release|Any CPU
		{2B517238-C1A1-4968-A486-C95D3187F4B2}.Release|Any CPU.Build.0 = Release|Any CPU
		{555B13B6-4F0F-4C19-9939-7D8B6DECB812}.Debug|Any CPU.ActiveCfg = Debug|Any CPU
		{555B13B6-4F0F-4C19-9939-7D8B6DECB812}.Debug|Any CPU.Build.0 = Debug|Any CPU
		{555B13B6-4F0F-4C19-9939-7D8B6DECB812}.Release|Any CPU.ActiveCfg = Release|Any CPU
		{555B13B6-4F0F-4C19-9939-7D8B6DECB812}.Release|Any CPU.Build.0 = Release|Any CPU
		{DF3F42D6-C845-4084-B7F4-FC81D10E5BE8}.Debug|Any CPU.ActiveCfg = Debug|Any CPU
		{DF3F42D6-C845-4084-B7F4-FC81D10E5BE8}.Debug|Any CPU.Build.0 = Debug|Any CPU
		{DF3F42D6-C845-4084-B7F4-FC81D10E5BE8}.Release|Any CPU.ActiveCfg = Release|Any CPU
		{DF3F42D6-C845-4084-B7F4-FC81D10E5BE8}.Release|Any CPU.Build.0 = Release|Any CPU
	EndGlobalSection
	GlobalSection(SolutionProperties) = preSolution
		HideSolutionNode = FALSE
	EndGlobalSection
	GlobalSection(NestedProjects) = preSolution
		{ED8248C6-CE84-469E-A28B-1ED90A2D7CB6} = {1823B559-E142-4E96-B927-DF861817AF4E}
		{645A71D3-3CAA-42C7-8C3A-D3AF32999C7C} = {1823B559-E142-4E96-B927-DF861817AF4E}
		{09557B3F-0C6A-44C3-898A-485A3EF05854} = {1823B559-E142-4E96-B927-DF861817AF4E}
		{4008DC76-6D3D-4331-B6EE-AFA3C0AE17B8} = {16E0B455-399E-4612-927E-C4AE753F187E}
		{D14947CD-F6E4-4725-8F2D-89858BFD0D7B} = {1823B559-E142-4E96-B927-DF861817AF4E}
		{2B517238-C1A1-4968-A486-C95D3187F4B2} = {961DEE71-5A38-44B0-B3B9-FCECC06A33BE}
	EndGlobalSection
	GlobalSection(ExtensibilityGlobals) = postSolution
		SolutionGuid = {D64A03C5-D2E1-49C8-A7A9-D6022941DE01}
	EndGlobalSection
EndGlobal
