
Microsoft Visual Studio Solution File, Format Version 12.00
# Visual Studio Version 16
VisualStudioVersion = 16.0.30611.23
MinimumVisualStudioVersion = 10.0.40219.1
Project("{2150E333-8FDC-42A3-9474-1A3956D46DE8}") = "Web", "Web", "{1823B559-E142-4E96-B927-DF861817AF4E}"
EndProject
Project("{9A19103F-16F7-4668-BE54-9A1E7A4F7556}") = "A2v10.Core.Web.Site", "Web\A2v10.Core.Web.Site\A2v10.Core.Web.Site.csproj", "{ED8248C6-CE84-469E-A28B-1ED90A2D7CB6}"
EndProject
Project("{2150E333-8FDC-42A3-9474-1A3956D46DE8}") = "Solution Items", "Solution Items", "{885646AD-E0D2-4749-BD79-2395286FCF81}"
	ProjectSection(SolutionItems) = preProject
		todo.txt = todo.txt
	EndProjectSection
EndProject
Project("{9A19103F-16F7-4668-BE54-9A1E7A4F7556}") = "A2v10.SampleApp", "A2v10.SampleApp\A2v10.SampleApp.csproj", "{C9B958B6-BBAB-4D6F-AE7B-D87C3860B49E}"
EndProject
Project("{2150E333-8FDC-42A3-9474-1A3956D46DE8}") = "Storage", "Storage", "{BAD9B4D8-3193-47B1-B76F-D046D3D62F2E}"
EndProject
Project("{9A19103F-16F7-4668-BE54-9A1E7A4F7556}") = "A2v10.Storage.SqlServer", "Storage\A2v10.Storage.SqlServer\A2v10.Storage.SqlServer.csproj", "{CA07FD09-2CD3-46C1-AA24-29A7CA720FAD}"
EndProject
Project("{2150E333-8FDC-42A3-9474-1A3956D46DE8}") = "ViewEngines", "ViewEngines", "{E8C95F64-3001-4F08-B774-A6A89EB2945D}"
EndProject
Project("{9A19103F-16F7-4668-BE54-9A1E7A4F7556}") = "A2v10.ViewEngine.Xaml", "ViewEngines\A2v10.ViewEngine.Xaml\A2v10.ViewEngine.Xaml.csproj", "{5818105B-4A26-4BAC-BD85-FBCA715FC29C}"
EndProject
Project("{2150E333-8FDC-42A3-9474-1A3956D46DE8}") = "ReportEngines", "ReportEngines", "{A1D69499-3CCF-4BBC-AE6E-0281286A1F3F}"
EndProject
Project("{9A19103F-16F7-4668-BE54-9A1E7A4F7556}") = "A2v10.ReportEngine.Stimulsoft", "ReportEngines\A2v10.ReportEngine.Stimulsoft\A2v10.ReportEngine.Stimulsoft.csproj", "{D8C33121-B733-49C8-941F-989BE691B095}"
EndProject
Project("{2150E333-8FDC-42A3-9474-1A3956D46DE8}") = "Platform", "Platform", "{FAC17E50-040A-4C01-A4DC-DC21B61DA444}"
EndProject
Project("{9A19103F-16F7-4668-BE54-9A1E7A4F7556}") = "A2v10.Infrastructure", "Platform\A2v10.Infrastructure\A2v10.Infrastructure.csproj", "{9B5EC020-6BDC-43CC-A953-621551456067}"
EndProject
Project("{2150E333-8FDC-42A3-9474-1A3956D46DE8}") = "Identity", "Identity", "{2CBEF95D-63EB-4570-8FE9-72C05A30A0F0}"
EndProject
Project("{9A19103F-16F7-4668-BE54-9A1E7A4F7556}") = "A2v10.Web.Identity.UI", "Identity\A2v10.Web.Identity.UI\A2v10.Web.Identity.UI.csproj", "{11C388D2-0FE7-4056-BA2E-2578F6D46A46}"
EndProject
Project("{9A19103F-16F7-4668-BE54-9A1E7A4F7556}") = "Av10.Web.Identity.ApiKey", "Identity\Av10.Web.Identity.ApiKey\Av10.Web.Identity.ApiKey.csproj", "{765C576D-85CF-4E08-826C-31C7CDEEC9F8}"
EndProject
Project("{9A19103F-16F7-4668-BE54-9A1E7A4F7556}") = "A2v10.Identity.Core", "Identity\A2v10.Identity.Core\A2v10.Identity.Core.csproj", "{3FC3D2F6-2659-476E-BA4B-EF9B75A519E9}"
EndProject
Project("{9A19103F-16F7-4668-BE54-9A1E7A4F7556}") = "A2v10.Identity.Jwt", "Identity\A2v10.Identity.Jwt\A2v10.Identity.Jwt.csproj", "{35372137-1612-40A6-B9FD-DE6E51A0827D}"
EndProject
Project("{9A19103F-16F7-4668-BE54-9A1E7A4F7556}") = "A2v10.Platform", "Platform\A2v10.Platform\A2v10.Platform.csproj", "{D9A67550-9494-467C-B3E7-A6FF319EE8ED}"
EndProject
Project("{9A19103F-16F7-4668-BE54-9A1E7A4F7556}") = "A2v10.Services", "Platform\A2v10.Services\A2v10.Services.csproj", "{603926E4-F656-459C-92A3-B7354BF952FA}"
EndProject
Project("{9A19103F-16F7-4668-BE54-9A1E7A4F7556}") = "A2v10.Platform.Web", "Platform\A2v10.Platform.Web\A2v10.Platform.Web.csproj", "{721A74D2-0391-4863-ABA8-5CA386732B36}"
EndProject
Project("{2150E333-8FDC-42A3-9474-1A3956D46DE8}") = "A2v10.Web.Assets", "A2v10.Web.Assets", "{80E326BE-2F62-4C0E-97F7-81FB662D9EAA}"
	ProjectSection(SolutionItems) = preProject
		Platform\A2v10.Web.Assets\A2v10.Web.Assets.nuspec = Platform\A2v10.Web.Assets\A2v10.Web.Assets.nuspec
		Platform\A2v10.Web.Assets\A2v10.Web.Assets.targets = Platform\A2v10.Web.Assets\A2v10.Web.Assets.targets
	EndProjectSection
EndProject
Global
	GlobalSection(SolutionConfigurationPlatforms) = preSolution
		Debug|Any CPU = Debug|Any CPU
		Release|Any CPU = Release|Any CPU
	EndGlobalSection
	GlobalSection(ProjectConfigurationPlatforms) = postSolution
		{ED8248C6-CE84-469E-A28B-1ED90A2D7CB6}.Debug|Any CPU.ActiveCfg = Debug|Any CPU
		{ED8248C6-CE84-469E-A28B-1ED90A2D7CB6}.Debug|Any CPU.Build.0 = Debug|Any CPU
		{ED8248C6-CE84-469E-A28B-1ED90A2D7CB6}.Release|Any CPU.ActiveCfg = Release|Any CPU
		{ED8248C6-CE84-469E-A28B-1ED90A2D7CB6}.Release|Any CPU.Build.0 = Release|Any CPU
		{C9B958B6-BBAB-4D6F-AE7B-D87C3860B49E}.Debug|Any CPU.ActiveCfg = Debug|Any CPU
		{C9B958B6-BBAB-4D6F-AE7B-D87C3860B49E}.Debug|Any CPU.Build.0 = Debug|Any CPU
		{C9B958B6-BBAB-4D6F-AE7B-D87C3860B49E}.Release|Any CPU.ActiveCfg = Release|Any CPU
		{C9B958B6-BBAB-4D6F-AE7B-D87C3860B49E}.Release|Any CPU.Build.0 = Release|Any CPU
		{CA07FD09-2CD3-46C1-AA24-29A7CA720FAD}.Debug|Any CPU.ActiveCfg = Debug|Any CPU
		{CA07FD09-2CD3-46C1-AA24-29A7CA720FAD}.Debug|Any CPU.Build.0 = Debug|Any CPU
		{CA07FD09-2CD3-46C1-AA24-29A7CA720FAD}.Release|Any CPU.ActiveCfg = Release|Any CPU
		{CA07FD09-2CD3-46C1-AA24-29A7CA720FAD}.Release|Any CPU.Build.0 = Release|Any CPU
		{5818105B-4A26-4BAC-BD85-FBCA715FC29C}.Debug|Any CPU.ActiveCfg = Debug|Any CPU
		{5818105B-4A26-4BAC-BD85-FBCA715FC29C}.Debug|Any CPU.Build.0 = Debug|Any CPU
		{5818105B-4A26-4BAC-BD85-FBCA715FC29C}.Release|Any CPU.ActiveCfg = Release|Any CPU
		{5818105B-4A26-4BAC-BD85-FBCA715FC29C}.Release|Any CPU.Build.0 = Release|Any CPU
		{D8C33121-B733-49C8-941F-989BE691B095}.Debug|Any CPU.ActiveCfg = Debug|Any CPU
		{D8C33121-B733-49C8-941F-989BE691B095}.Debug|Any CPU.Build.0 = Debug|Any CPU
		{D8C33121-B733-49C8-941F-989BE691B095}.Release|Any CPU.ActiveCfg = Release|Any CPU
		{D8C33121-B733-49C8-941F-989BE691B095}.Release|Any CPU.Build.0 = Release|Any CPU
		{9B5EC020-6BDC-43CC-A953-621551456067}.Debug|Any CPU.ActiveCfg = Debug|Any CPU
		{9B5EC020-6BDC-43CC-A953-621551456067}.Debug|Any CPU.Build.0 = Debug|Any CPU
		{9B5EC020-6BDC-43CC-A953-621551456067}.Release|Any CPU.ActiveCfg = Release|Any CPU
		{9B5EC020-6BDC-43CC-A953-621551456067}.Release|Any CPU.Build.0 = Release|Any CPU
		{11C388D2-0FE7-4056-BA2E-2578F6D46A46}.Debug|Any CPU.ActiveCfg = Debug|Any CPU
		{11C388D2-0FE7-4056-BA2E-2578F6D46A46}.Debug|Any CPU.Build.0 = Debug|Any CPU
		{11C388D2-0FE7-4056-BA2E-2578F6D46A46}.Release|Any CPU.ActiveCfg = Release|Any CPU
		{11C388D2-0FE7-4056-BA2E-2578F6D46A46}.Release|Any CPU.Build.0 = Release|Any CPU
		{765C576D-85CF-4E08-826C-31C7CDEEC9F8}.Debug|Any CPU.ActiveCfg = Debug|Any CPU
		{765C576D-85CF-4E08-826C-31C7CDEEC9F8}.Debug|Any CPU.Build.0 = Debug|Any CPU
		{765C576D-85CF-4E08-826C-31C7CDEEC9F8}.Release|Any CPU.ActiveCfg = Release|Any CPU
		{765C576D-85CF-4E08-826C-31C7CDEEC9F8}.Release|Any CPU.Build.0 = Release|Any CPU
		{3FC3D2F6-2659-476E-BA4B-EF9B75A519E9}.Debug|Any CPU.ActiveCfg = Debug|Any CPU
		{3FC3D2F6-2659-476E-BA4B-EF9B75A519E9}.Debug|Any CPU.Build.0 = Debug|Any CPU
		{3FC3D2F6-2659-476E-BA4B-EF9B75A519E9}.Release|Any CPU.ActiveCfg = Release|Any CPU
		{3FC3D2F6-2659-476E-BA4B-EF9B75A519E9}.Release|Any CPU.Build.0 = Release|Any CPU
		{35372137-1612-40A6-B9FD-DE6E51A0827D}.Debug|Any CPU.ActiveCfg = Debug|Any CPU
		{35372137-1612-40A6-B9FD-DE6E51A0827D}.Debug|Any CPU.Build.0 = Debug|Any CPU
		{35372137-1612-40A6-B9FD-DE6E51A0827D}.Release|Any CPU.ActiveCfg = Release|Any CPU
		{35372137-1612-40A6-B9FD-DE6E51A0827D}.Release|Any CPU.Build.0 = Release|Any CPU
		{D9A67550-9494-467C-B3E7-A6FF319EE8ED}.Debug|Any CPU.ActiveCfg = Debug|Any CPU
		{D9A67550-9494-467C-B3E7-A6FF319EE8ED}.Debug|Any CPU.Build.0 = Debug|Any CPU
		{D9A67550-9494-467C-B3E7-A6FF319EE8ED}.Release|Any CPU.ActiveCfg = Release|Any CPU
		{D9A67550-9494-467C-B3E7-A6FF319EE8ED}.Release|Any CPU.Build.0 = Release|Any CPU
		{603926E4-F656-459C-92A3-B7354BF952FA}.Debug|Any CPU.ActiveCfg = Debug|Any CPU
		{603926E4-F656-459C-92A3-B7354BF952FA}.Debug|Any CPU.Build.0 = Debug|Any CPU
		{603926E4-F656-459C-92A3-B7354BF952FA}.Release|Any CPU.ActiveCfg = Release|Any CPU
		{603926E4-F656-459C-92A3-B7354BF952FA}.Release|Any CPU.Build.0 = Release|Any CPU
		{721A74D2-0391-4863-ABA8-5CA386732B36}.Debug|Any CPU.ActiveCfg = Debug|Any CPU
		{721A74D2-0391-4863-ABA8-5CA386732B36}.Debug|Any CPU.Build.0 = Debug|Any CPU
		{721A74D2-0391-4863-ABA8-5CA386732B36}.Release|Any CPU.ActiveCfg = Release|Any CPU
		{721A74D2-0391-4863-ABA8-5CA386732B36}.Release|Any CPU.Build.0 = Release|Any CPU
	EndGlobalSection
	GlobalSection(SolutionProperties) = preSolution
		HideSolutionNode = FALSE
	EndGlobalSection
	GlobalSection(NestedProjects) = preSolution
		{ED8248C6-CE84-469E-A28B-1ED90A2D7CB6} = {1823B559-E142-4E96-B927-DF861817AF4E}
		{CA07FD09-2CD3-46C1-AA24-29A7CA720FAD} = {BAD9B4D8-3193-47B1-B76F-D046D3D62F2E}
		{5818105B-4A26-4BAC-BD85-FBCA715FC29C} = {E8C95F64-3001-4F08-B774-A6A89EB2945D}
		{D8C33121-B733-49C8-941F-989BE691B095} = {A1D69499-3CCF-4BBC-AE6E-0281286A1F3F}
		{9B5EC020-6BDC-43CC-A953-621551456067} = {FAC17E50-040A-4C01-A4DC-DC21B61DA444}
		{11C388D2-0FE7-4056-BA2E-2578F6D46A46} = {2CBEF95D-63EB-4570-8FE9-72C05A30A0F0}
		{765C576D-85CF-4E08-826C-31C7CDEEC9F8} = {2CBEF95D-63EB-4570-8FE9-72C05A30A0F0}
		{3FC3D2F6-2659-476E-BA4B-EF9B75A519E9} = {2CBEF95D-63EB-4570-8FE9-72C05A30A0F0}
		{35372137-1612-40A6-B9FD-DE6E51A0827D} = {2CBEF95D-63EB-4570-8FE9-72C05A30A0F0}
		{D9A67550-9494-467C-B3E7-A6FF319EE8ED} = {FAC17E50-040A-4C01-A4DC-DC21B61DA444}
		{603926E4-F656-459C-92A3-B7354BF952FA} = {FAC17E50-040A-4C01-A4DC-DC21B61DA444}
		{721A74D2-0391-4863-ABA8-5CA386732B36} = {FAC17E50-040A-4C01-A4DC-DC21B61DA444}
		{80E326BE-2F62-4C0E-97F7-81FB662D9EAA} = {FAC17E50-040A-4C01-A4DC-DC21B61DA444}
	EndGlobalSection
	GlobalSection(ExtensibilityGlobals) = postSolution
		SolutionGuid = {D64A03C5-D2E1-49C8-A7A9-D6022941DE01}
	EndGlobalSection
EndGlobal
