
Microsoft Visual Studio Solution File, Format Version 12.00
# Visual Studio Version 17
VisualStudioVersion = 17.0.32112.339
MinimumVisualStudioVersion = 10.0.40219.1
Project("{2150E333-8FDC-42A3-9474-1A3956D46DE8}") = "Web", "Web", "{1823B559-E142-4E96-B927-DF861817AF4E}"
EndProject
Project("{9A19103F-16F7-4668-BE54-9A1E7A4F7556}") = "A2v10.Core.Web.Site", "Web\A2v10.Core.Web.Site\A2v10.Core.Web.Site.csproj", "{ED8248C6-CE84-469E-A28B-1ED90A2D7CB6}"
EndProject
Project("{2150E333-8FDC-42A3-9474-1A3956D46DE8}") = "Solution Items", "Solution Items", "{885646AD-E0D2-4749-BD79-2395286FCF81}"
	ProjectSection(SolutionItems) = preProject
		dependency.txt = dependency.txt
		description.txt = description.txt
		todo.txt = todo.txt
	EndProjectSection
EndProject
Project("{2150E333-8FDC-42A3-9474-1A3956D46DE8}") = "ViewEngines", "ViewEngines", "{E8C95F64-3001-4F08-B774-A6A89EB2945D}"
EndProject
Project("{9A19103F-16F7-4668-BE54-9A1E7A4F7556}") = "A2v10.ViewEngine.Xaml", "ViewEngines\A2v10.ViewEngine.Xaml\A2v10.ViewEngine.Xaml.csproj", "{5818105B-4A26-4BAC-BD85-FBCA715FC29C}"
EndProject
Project("{2150E333-8FDC-42A3-9474-1A3956D46DE8}") = "ReportEngines", "ReportEngines", "{A1D69499-3CCF-4BBC-AE6E-0281286A1F3F}"
EndProject
Project("{2150E333-8FDC-42A3-9474-1A3956D46DE8}") = "Platform", "Platform", "{FAC17E50-040A-4C01-A4DC-DC21B61DA444}"
EndProject
Project("{9A19103F-16F7-4668-BE54-9A1E7A4F7556}") = "A2v10.Infrastructure", "Platform\A2v10.Infrastructure\A2v10.Infrastructure.csproj", "{9B5EC020-6BDC-43CC-A953-621551456067}"
EndProject
Project("{2150E333-8FDC-42A3-9474-1A3956D46DE8}") = "Identity", "Identity", "{2CBEF95D-63EB-4570-8FE9-72C05A30A0F0}"
EndProject
Project("{9A19103F-16F7-4668-BE54-9A1E7A4F7556}") = "A2v10.Web.Identity.UI", "Identity\A2v10.Web.Identity.UI\A2v10.Web.Identity.UI.csproj", "{11C388D2-0FE7-4056-BA2E-2578F6D46A46}"
EndProject
Project("{9A19103F-16F7-4668-BE54-9A1E7A4F7556}") = "A2v10.Identity.Core", "Identity\A2v10.Identity.Core\A2v10.Identity.Core.csproj", "{3FC3D2F6-2659-476E-BA4B-EF9B75A519E9}"
EndProject
Project("{9A19103F-16F7-4668-BE54-9A1E7A4F7556}") = "A2v10.Identity.Jwt", "Identity\A2v10.Identity.Jwt\A2v10.Identity.Jwt.csproj", "{35372137-1612-40A6-B9FD-DE6E51A0827D}"
EndProject
Project("{9A19103F-16F7-4668-BE54-9A1E7A4F7556}") = "A2v10.Platform", "Platform\A2v10.Platform\A2v10.Platform.csproj", "{D9A67550-9494-467C-B3E7-A6FF319EE8ED}"
EndProject
Project("{9A19103F-16F7-4668-BE54-9A1E7A4F7556}") = "A2v10.Services", "Platform\A2v10.Services\A2v10.Services.csproj", "{603926E4-F656-459C-92A3-B7354BF952FA}"
EndProject
Project("{9A19103F-16F7-4668-BE54-9A1E7A4F7556}") = "A2v10.Platform.Web", "Platform\A2v10.Platform.Web\A2v10.Platform.Web.csproj", "{721A74D2-0391-4863-ABA8-5CA386732B36}"
EndProject
Project("{2150E333-8FDC-42A3-9474-1A3956D46DE8}") = "A2v10.Web.Assets", "A2v10.Web.Assets", "{80E326BE-2F62-4C0E-97F7-81FB662D9EAA}"
	ProjectSection(SolutionItems) = preProject
		Platform\A2v10.Web.Assets\A2v10.Web.Assets.nuspec = Platform\A2v10.Web.Assets\A2v10.Web.Assets.nuspec
		Platform\A2v10.Web.Assets\A2v10.Web.Assets.targets = Platform\A2v10.Web.Assets\A2v10.Web.Assets.targets
		Platform\A2v10.Web.Assets\README.md = Platform\A2v10.Web.Assets\README.md
	EndProjectSection
EndProject
Project("{2150E333-8FDC-42A3-9474-1A3956D46DE8}") = "CodeGen", "CodeGen", "{362A9E7C-45ED-45C0-887B-E9FB00FE190B}"
EndProject
Project("{9A19103F-16F7-4668-BE54-9A1E7A4F7556}") = "A2v10.ReportEngine.Pdf", "ReportEngines\A2v10.ReportEngine.Pdf\A2v10.ReportEngine.Pdf.csproj", "{6C119F41-2986-4111-B9E2-9E9E493F597E}"
EndProject
Project("{9A19103F-16F7-4668-BE54-9A1E7A4F7556}") = "A2v10.Xaml.Report", "ReportEngines\A2v10.Xaml.Report\A2v10.Xaml.Report.csproj", "{A00C0296-1819-4944-9D0E-EDF72C80E282}"
EndProject
Project("{9A19103F-16F7-4668-BE54-9A1E7A4F7556}") = "A2v10.ViewEngine.Html", "ViewEngines\A2v10.ViewEngine.Html\A2v10.ViewEngine.Html.csproj", "{683C4524-E19C-416C-9695-B5E247B500EB}"
EndProject
Project("{9A19103F-16F7-4668-BE54-9A1E7A4F7556}") = "A2v10.ApiHost", "A2v10.ApiHost\A2v10.ApiHost.csproj", "{0D9C9E3E-24BB-4AB8-99D9-E72F4269BBBB}"
EndProject
Project("{9A19103F-16F7-4668-BE54-9A1E7A4F7556}") = "A2v10.Web.Identity.ApiKey", "Identity\A2v10.Web.Identity.ApiKey\A2v10.Web.Identity.ApiKey.csproj", "{694FF0D7-ECD5-448C-B78B-F15D986D2D6F}"
EndProject
Project("{9A19103F-16F7-4668-BE54-9A1E7A4F7556}") = "ApiHost.Tests", "ApiHost.Tests\ApiHost.Tests.csproj", "{79058D2F-D88F-452C-8172-AEE8139EF6CC}"
EndProject
Project("{2150E333-8FDC-42A3-9474-1A3956D46DE8}") = "Tests", "Tests", "{B2D38948-4CBF-49BB-8708-A508012D6FC2}"
EndProject
Project("{9A19103F-16F7-4668-BE54-9A1E7A4F7556}") = "A2v10.Module.Infrastructure", "CodeGen\A2v10.Module.Infrastructure\A2v10.Module.Infrastructure.csproj", "{6DBB3EC4-8335-4460-91F3-F9EAF3FB22E2}"
EndProject
Project("{2150E333-8FDC-42A3-9474-1A3956D46DE8}") = "A2v10.App.Assets", "A2v10.App.Assets", "{67735C81-ECA7-477D-A608-9C34AE3EF2D1}"
	ProjectSection(SolutionItems) = preProject
		Platform\A2v10.App.Assets\A2v10.App.Assets.nuspec = Platform\A2v10.App.Assets\A2v10.App.Assets.nuspec
		Platform\A2v10.App.Assets\A2v10.App.Assets.targets = Platform\A2v10.App.Assets\A2v10.App.Assets.targets
		Platform\A2v10.App.Assets\README.md = Platform\A2v10.App.Assets\README.md
	EndProjectSection
EndProject
Project("{2150E333-8FDC-42A3-9474-1A3956D46DE8}") = "Messaging", "Messaging", "{1737C916-64F1-46A4-B344-B72FC6AA5D67}"
EndProject
Project("{9A19103F-16F7-4668-BE54-9A1E7A4F7556}") = "A2v10.MailClient", "Messaging\A2v10.MailClient\A2v10.MailClient.csproj", "{D8707910-F88B-4E0F-BCD8-BC8D2CE3096C}"
EndProject
Project("{9A19103F-16F7-4668-BE54-9A1E7A4F7556}") = "A2v10.Scheduling", "Extensions\A2v10.Scheduling\A2v10.Scheduling.csproj", "{7867A3AC-22BC-4D6D-BD38-7AE678336712}"
EndProject
Project("{2150E333-8FDC-42A3-9474-1A3956D46DE8}") = "Extensions", "Extensions", "{A86F5B8A-8988-404B-A8D5-4B7A9998C51C}"
EndProject
Project("{9A19103F-16F7-4668-BE54-9A1E7A4F7556}") = "A2v10.Scheduling.Infrastructure", "Extensions\A2v10.Scheduling.Infrastructure\A2v10.Scheduling.Infrastructure.csproj", "{FE67964D-EFED-4AD9-B7D3-9C28FF6FDCAD}"
EndProject
Project("{9A19103F-16F7-4668-BE54-9A1E7A4F7556}") = "A2v10.Scheduling.Commands", "Extensions\A2v10.Scheduling.Commands\A2v10.Scheduling.Commands.csproj", "{2C7BB597-B497-4340-A260-77ED7A72BBD0}"
EndProject
Project("{9A19103F-16F7-4668-BE54-9A1E7A4F7556}") = "Test.PdfReportEngine", "ReportEngines\Test.PdfReportEngine\Test.PdfReportEngine.csproj", "{1C657994-E862-46E6-9E2E-5EC2589EDDDB}"
EndProject
Project("{2150E333-8FDC-42A3-9474-1A3956D46DE8}") = "@sql", "@sql", "{29A69FE9-79CF-479C-9ADC-42EFC1C3D765}"
	ProjectSection(SolutionItems) = preProject
		Platform\A2v10.App.Assets\Application\@sql\a2v10_platform.sql = Platform\A2v10.App.Assets\Application\@sql\a2v10_platform.sql
		Platform\A2v10.App.Assets\Application\@sql\a2v10_platform_mt_catalog.sql = Platform\A2v10.App.Assets\Application\@sql\a2v10_platform_mt_catalog.sql
		Platform\A2v10.App.Assets\Application\@sql\a2v10_platform_mt_segment.sql = Platform\A2v10.App.Assets\Application\@sql\a2v10_platform_mt_segment.sql
		Platform\A2v10.App.Assets\Application\@sql\a2v10_platform_mt_segment_final.sql = Platform\A2v10.App.Assets\Application\@sql\a2v10_platform_mt_segment_final.sql
	EndProjectSection
EndProject
Project("{2150E333-8FDC-42A3-9474-1A3956D46DE8}") = "source", "source", "{39B995EC-E237-4910-A05F-5A579C76EF36}"
	ProjectSection(SolutionItems) = preProject
		Platform\A2v10.App.Assets\Application\@sql\source\a2v10_admin.sql = Platform\A2v10.App.Assets\Application\@sql\source\a2v10_admin.sql
		Platform\A2v10.App.Assets\Application\@sql\source\a2v10_init.sql = Platform\A2v10.App.Assets\Application\@sql\source\a2v10_init.sql
		Platform\A2v10.App.Assets\Application\@sql\source\a2v10_security.sql = Platform\A2v10.App.Assets\Application\@sql\source\a2v10_security.sql
		Platform\A2v10.App.Assets\Application\@sql\source\a2v10_security_segment.sql = Platform\A2v10.App.Assets\Application\@sql\source\a2v10_security_segment.sql
		Platform\A2v10.App.Assets\Application\@sql\source\a2v10_struct.sql = Platform\A2v10.App.Assets\Application\@sql\source\a2v10_struct.sql
		Platform\A2v10.App.Assets\Application\@sql\source\a2v10_system.sql = Platform\A2v10.App.Assets\Application\@sql\source\a2v10_system.sql
		Platform\A2v10.App.Assets\Application\@sql\source\a2v10_ui.sql = Platform\A2v10.App.Assets\Application\@sql\source\a2v10_ui.sql
	EndProjectSection
EndProject
Project("{2150E333-8FDC-42A3-9474-1A3956D46DE8}") = "legacy", "legacy", "{BCE575AC-2286-405C-A782-8AEF5C2F5938}"
	ProjectSection(SolutionItems) = preProject
		Platform\A2v10.App.Assets\Application\@sql\legacy\a2v10admin.sql = Platform\A2v10.App.Assets\Application\@sql\legacy\a2v10admin.sql
		Platform\A2v10.App.Assets\Application\@sql\legacy\a2v10platform.sql = Platform\A2v10.App.Assets\Application\@sql\legacy\a2v10platform.sql
	EndProjectSection
EndProject
Project("{9A19103F-16F7-4668-BE54-9A1E7A4F7556}") = "TestInfrastructure", "Tests\TestInfrastructure\TestInfrastructure.csproj", "{7D07DFA9-283E-4631-8ABB-546148298A69}"
EndProject
Project("{9A19103F-16F7-4668-BE54-9A1E7A4F7556}") = "XamlViewEngineTests", "ViewEngines\XamlViewEngineTests\XamlViewEngineTests.csproj", "{D19D50DE-FE50-4FD5-8A1D-FDAFECB18557}"
EndProject
Project("{2150E333-8FDC-42A3-9474-1A3956D46DE8}") = "BlobStorages", "BlobStorages", "{CC97614A-5CDD-40F8-B82E-7471EE110AEC}"
EndProject
Project("{9A19103F-16F7-4668-BE54-9A1E7A4F7556}") = "AzureBlobStorage", "BlobStorages\AzureBlobStorage\AzureBlobStorage.csproj", "{7077A931-7247-4CCA-AE1C-D24BFBD84600}"
EndProject
Project("{9A19103F-16F7-4668-BE54-9A1E7A4F7556}") = "TestServices", "Tests\TestServices\TestServices.csproj", "{96D431A8-3D14-496D-8357-1D4750AEB13D}"
EndProject
Project("{9A19103F-16F7-4668-BE54-9A1E7A4F7556}") = "ReportEngineExcel", "ReportEngines\ReportEngineExcel\ReportEngineExcel.csproj", "{214A2D6F-AD73-4B18-911D-896B7B001768}"
EndProject
Project("{9A19103F-16F7-4668-BE54-9A1E7A4F7556}") = "A2v10.ReportEngine.Excel", "ReportEngines\A2v10.ReportEngine.Excel\A2v10.ReportEngine.Excel.csproj", "{5ABDE5AE-B960-4373-90DB-8CC05CBC37A4}"
EndProject
Project("{9A19103F-16F7-4668-BE54-9A1E7A4F7556}") = "A2v10.ReportEngine.Script", "ReportEngines\A2v10.ReportEngine.Script\A2v10.ReportEngine.Script.csproj", "{31DEC414-7BD9-4007-85FA-66FD85D8445A}"
EndProject
Project("{9A19103F-16F7-4668-BE54-9A1E7A4F7556}") = "A2v10.AppRuntimeBuilder", "Platform\A2v10.AppRuntimeBuilder\A2v10.AppRuntimeBuilder.csproj", "{FA54AAD2-4810-48B2-900B-EF432ECD7831}"
EndProject
Project("{9A19103F-16F7-4668-BE54-9A1E7A4F7556}") = "FileSystemBlobStorage", "BlobStorages\FileSystemBlobStorage\FileSystemBlobStorage.csproj", "{5699CCCF-A6C0-4545-970B-0FD5C27C6FD4}"
EndProject
Project("{2150E333-8FDC-42A3-9474-1A3956D46DE8}") = "Tools", "Tools", "{04B7C64B-CD96-48FD-8474-03350BE14F1B}"
EndProject
Project("{9A19103F-16F7-4668-BE54-9A1E7A4F7556}") = "TestMailSender", "Tools\TestMailSender\TestMailSender.csproj", "{72D8BEC3-B040-4819-9F7E-BDB4D9042B93}"
EndProject
Project("{FAE04EC0-301F-11D3-BF4B-00C04F79EFBC}") = "LicenseBuilder", "Tools\LicenseBuilder\LicenseBuilder.csproj", "{5852DF8D-5876-4D4E-A8E1-0079FE90850E}"
EndProject
Project("{FAE04EC0-301F-11D3-BF4B-00C04F79EFBC}") = "A2v10.Metadata", "Platform\A2v10.Metadata\A2v10.Metadata.csproj", "{1AE51C70-5883-E034-F7C1-B95B758830CD}"
EndProject
Global
	GlobalSection(SolutionConfigurationPlatforms) = preSolution
		Debug|Any CPU = Debug|Any CPU
		Release|Any CPU = Release|Any CPU
	EndGlobalSection
	GlobalSection(ProjectConfigurationPlatforms) = postSolution
		{ED8248C6-CE84-469E-A28B-1ED90A2D7CB6}.Debug|Any CPU.ActiveCfg = Debug|Any CPU
		{ED8248C6-CE84-469E-A28B-1ED90A2D7CB6}.Debug|Any CPU.Build.0 = Debug|Any CPU
		{ED8248C6-CE84-469E-A28B-1ED90A2D7CB6}.Release|Any CPU.ActiveCfg = Release|Any CPU
		{ED8248C6-CE84-469E-A28B-1ED90A2D7CB6}.Release|Any CPU.Build.0 = Release|Any CPU
		{5818105B-4A26-4BAC-BD85-FBCA715FC29C}.Debug|Any CPU.ActiveCfg = Debug|Any CPU
		{5818105B-4A26-4BAC-BD85-FBCA715FC29C}.Debug|Any CPU.Build.0 = Debug|Any CPU
		{5818105B-4A26-4BAC-BD85-FBCA715FC29C}.Release|Any CPU.ActiveCfg = Release|Any CPU
		{5818105B-4A26-4BAC-BD85-FBCA715FC29C}.Release|Any CPU.Build.0 = Release|Any CPU
		{9B5EC020-6BDC-43CC-A953-621551456067}.Debug|Any CPU.ActiveCfg = Debug|Any CPU
		{9B5EC020-6BDC-43CC-A953-621551456067}.Debug|Any CPU.Build.0 = Debug|Any CPU
		{9B5EC020-6BDC-43CC-A953-621551456067}.Release|Any CPU.ActiveCfg = Release|Any CPU
		{9B5EC020-6BDC-43CC-A953-621551456067}.Release|Any CPU.Build.0 = Release|Any CPU
		{11C388D2-0FE7-4056-BA2E-2578F6D46A46}.Debug|Any CPU.ActiveCfg = Debug|Any CPU
		{11C388D2-0FE7-4056-BA2E-2578F6D46A46}.Debug|Any CPU.Build.0 = Debug|Any CPU
		{11C388D2-0FE7-4056-BA2E-2578F6D46A46}.Release|Any CPU.ActiveCfg = Release|Any CPU
		{11C388D2-0FE7-4056-BA2E-2578F6D46A46}.Release|Any CPU.Build.0 = Release|Any CPU
		{3FC3D2F6-2659-476E-BA4B-EF9B75A519E9}.Debug|Any CPU.ActiveCfg = Debug|Any CPU
		{3FC3D2F6-2659-476E-BA4B-EF9B75A519E9}.Debug|Any CPU.Build.0 = Debug|Any CPU
		{3FC3D2F6-2659-476E-BA4B-EF9B75A519E9}.Release|Any CPU.ActiveCfg = Release|Any CPU
		{3FC3D2F6-2659-476E-BA4B-EF9B75A519E9}.Release|Any CPU.Build.0 = Release|Any CPU
		{35372137-1612-40A6-B9FD-DE6E51A0827D}.Debug|Any CPU.ActiveCfg = Debug|Any CPU
		{35372137-1612-40A6-B9FD-DE6E51A0827D}.Debug|Any CPU.Build.0 = Debug|Any CPU
		{35372137-1612-40A6-B9FD-DE6E51A0827D}.Release|Any CPU.ActiveCfg = Release|Any CPU
		{35372137-1612-40A6-B9FD-DE6E51A0827D}.Release|Any CPU.Build.0 = Release|Any CPU
		{D9A67550-9494-467C-B3E7-A6FF319EE8ED}.Debug|Any CPU.ActiveCfg = Debug|Any CPU
		{D9A67550-9494-467C-B3E7-A6FF319EE8ED}.Debug|Any CPU.Build.0 = Debug|Any CPU
		{D9A67550-9494-467C-B3E7-A6FF319EE8ED}.Release|Any CPU.ActiveCfg = Release|Any CPU
		{D9A67550-9494-467C-B3E7-A6FF319EE8ED}.Release|Any CPU.Build.0 = Release|Any CPU
		{603926E4-F656-459C-92A3-B7354BF952FA}.Debug|Any CPU.ActiveCfg = Debug|Any CPU
		{603926E4-F656-459C-92A3-B7354BF952FA}.Debug|Any CPU.Build.0 = Debug|Any CPU
		{603926E4-F656-459C-92A3-B7354BF952FA}.Release|Any CPU.ActiveCfg = Release|Any CPU
		{603926E4-F656-459C-92A3-B7354BF952FA}.Release|Any CPU.Build.0 = Release|Any CPU
		{721A74D2-0391-4863-ABA8-5CA386732B36}.Debug|Any CPU.ActiveCfg = Debug|Any CPU
		{721A74D2-0391-4863-ABA8-5CA386732B36}.Debug|Any CPU.Build.0 = Debug|Any CPU
		{721A74D2-0391-4863-ABA8-5CA386732B36}.Release|Any CPU.ActiveCfg = Release|Any CPU
		{721A74D2-0391-4863-ABA8-5CA386732B36}.Release|Any CPU.Build.0 = Release|Any CPU
		{6C119F41-2986-4111-B9E2-9E9E493F597E}.Debug|Any CPU.ActiveCfg = Debug|Any CPU
		{6C119F41-2986-4111-B9E2-9E9E493F597E}.Debug|Any CPU.Build.0 = Debug|Any CPU
		{6C119F41-2986-4111-B9E2-9E9E493F597E}.Release|Any CPU.ActiveCfg = Release|Any CPU
		{6C119F41-2986-4111-B9E2-9E9E493F597E}.Release|Any CPU.Build.0 = Release|Any CPU
		{A00C0296-1819-4944-9D0E-EDF72C80E282}.Debug|Any CPU.ActiveCfg = Debug|Any CPU
		{A00C0296-1819-4944-9D0E-EDF72C80E282}.Debug|Any CPU.Build.0 = Debug|Any CPU
		{A00C0296-1819-4944-9D0E-EDF72C80E282}.Release|Any CPU.ActiveCfg = Release|Any CPU
		{A00C0296-1819-4944-9D0E-EDF72C80E282}.Release|Any CPU.Build.0 = Release|Any CPU
		{683C4524-E19C-416C-9695-B5E247B500EB}.Debug|Any CPU.ActiveCfg = Debug|Any CPU
		{683C4524-E19C-416C-9695-B5E247B500EB}.Debug|Any CPU.Build.0 = Debug|Any CPU
		{683C4524-E19C-416C-9695-B5E247B500EB}.Release|Any CPU.ActiveCfg = Release|Any CPU
		{683C4524-E19C-416C-9695-B5E247B500EB}.Release|Any CPU.Build.0 = Release|Any CPU
		{0D9C9E3E-24BB-4AB8-99D9-E72F4269BBBB}.Debug|Any CPU.ActiveCfg = Debug|Any CPU
		{0D9C9E3E-24BB-4AB8-99D9-E72F4269BBBB}.Debug|Any CPU.Build.0 = Debug|Any CPU
		{0D9C9E3E-24BB-4AB8-99D9-E72F4269BBBB}.Release|Any CPU.ActiveCfg = Release|Any CPU
		{0D9C9E3E-24BB-4AB8-99D9-E72F4269BBBB}.Release|Any CPU.Build.0 = Release|Any CPU
		{694FF0D7-ECD5-448C-B78B-F15D986D2D6F}.Debug|Any CPU.ActiveCfg = Debug|Any CPU
		{694FF0D7-ECD5-448C-B78B-F15D986D2D6F}.Debug|Any CPU.Build.0 = Debug|Any CPU
		{694FF0D7-ECD5-448C-B78B-F15D986D2D6F}.Release|Any CPU.ActiveCfg = Release|Any CPU
		{694FF0D7-ECD5-448C-B78B-F15D986D2D6F}.Release|Any CPU.Build.0 = Release|Any CPU
		{79058D2F-D88F-452C-8172-AEE8139EF6CC}.Debug|Any CPU.ActiveCfg = Debug|Any CPU
		{79058D2F-D88F-452C-8172-AEE8139EF6CC}.Debug|Any CPU.Build.0 = Debug|Any CPU
		{79058D2F-D88F-452C-8172-AEE8139EF6CC}.Release|Any CPU.ActiveCfg = Release|Any CPU
		{79058D2F-D88F-452C-8172-AEE8139EF6CC}.Release|Any CPU.Build.0 = Release|Any CPU
		{6DBB3EC4-8335-4460-91F3-F9EAF3FB22E2}.Debug|Any CPU.ActiveCfg = Debug|Any CPU
		{6DBB3EC4-8335-4460-91F3-F9EAF3FB22E2}.Debug|Any CPU.Build.0 = Debug|Any CPU
		{6DBB3EC4-8335-4460-91F3-F9EAF3FB22E2}.Release|Any CPU.ActiveCfg = Release|Any CPU
		{6DBB3EC4-8335-4460-91F3-F9EAF3FB22E2}.Release|Any CPU.Build.0 = Release|Any CPU
		{D8707910-F88B-4E0F-BCD8-BC8D2CE3096C}.Debug|Any CPU.ActiveCfg = Debug|Any CPU
		{D8707910-F88B-4E0F-BCD8-BC8D2CE3096C}.Debug|Any CPU.Build.0 = Debug|Any CPU
		{D8707910-F88B-4E0F-BCD8-BC8D2CE3096C}.Release|Any CPU.ActiveCfg = Release|Any CPU
		{D8707910-F88B-4E0F-BCD8-BC8D2CE3096C}.Release|Any CPU.Build.0 = Release|Any CPU
		{7867A3AC-22BC-4D6D-BD38-7AE678336712}.Debug|Any CPU.ActiveCfg = Debug|Any CPU
		{7867A3AC-22BC-4D6D-BD38-7AE678336712}.Debug|Any CPU.Build.0 = Debug|Any CPU
		{7867A3AC-22BC-4D6D-BD38-7AE678336712}.Release|Any CPU.ActiveCfg = Release|Any CPU
		{7867A3AC-22BC-4D6D-BD38-7AE678336712}.Release|Any CPU.Build.0 = Release|Any CPU
		{FE67964D-EFED-4AD9-B7D3-9C28FF6FDCAD}.Debug|Any CPU.ActiveCfg = Debug|Any CPU
		{FE67964D-EFED-4AD9-B7D3-9C28FF6FDCAD}.Debug|Any CPU.Build.0 = Debug|Any CPU
		{FE67964D-EFED-4AD9-B7D3-9C28FF6FDCAD}.Release|Any CPU.ActiveCfg = Release|Any CPU
		{FE67964D-EFED-4AD9-B7D3-9C28FF6FDCAD}.Release|Any CPU.Build.0 = Release|Any CPU
		{2C7BB597-B497-4340-A260-77ED7A72BBD0}.Debug|Any CPU.ActiveCfg = Debug|Any CPU
		{2C7BB597-B497-4340-A260-77ED7A72BBD0}.Debug|Any CPU.Build.0 = Debug|Any CPU
		{2C7BB597-B497-4340-A260-77ED7A72BBD0}.Release|Any CPU.ActiveCfg = Release|Any CPU
		{2C7BB597-B497-4340-A260-77ED7A72BBD0}.Release|Any CPU.Build.0 = Release|Any CPU
		{1C657994-E862-46E6-9E2E-5EC2589EDDDB}.Debug|Any CPU.ActiveCfg = Debug|Any CPU
		{1C657994-E862-46E6-9E2E-5EC2589EDDDB}.Debug|Any CPU.Build.0 = Debug|Any CPU
		{1C657994-E862-46E6-9E2E-5EC2589EDDDB}.Release|Any CPU.ActiveCfg = Release|Any CPU
		{1C657994-E862-46E6-9E2E-5EC2589EDDDB}.Release|Any CPU.Build.0 = Release|Any CPU
		{7D07DFA9-283E-4631-8ABB-546148298A69}.Debug|Any CPU.ActiveCfg = Debug|Any CPU
		{7D07DFA9-283E-4631-8ABB-546148298A69}.Debug|Any CPU.Build.0 = Debug|Any CPU
		{7D07DFA9-283E-4631-8ABB-546148298A69}.Release|Any CPU.ActiveCfg = Release|Any CPU
		{7D07DFA9-283E-4631-8ABB-546148298A69}.Release|Any CPU.Build.0 = Release|Any CPU
		{D19D50DE-FE50-4FD5-8A1D-FDAFECB18557}.Debug|Any CPU.ActiveCfg = Debug|Any CPU
		{D19D50DE-FE50-4FD5-8A1D-FDAFECB18557}.Debug|Any CPU.Build.0 = Debug|Any CPU
		{D19D50DE-FE50-4FD5-8A1D-FDAFECB18557}.Release|Any CPU.ActiveCfg = Release|Any CPU
		{D19D50DE-FE50-4FD5-8A1D-FDAFECB18557}.Release|Any CPU.Build.0 = Release|Any CPU
		{7077A931-7247-4CCA-AE1C-D24BFBD84600}.Debug|Any CPU.ActiveCfg = Debug|Any CPU
		{7077A931-7247-4CCA-AE1C-D24BFBD84600}.Debug|Any CPU.Build.0 = Debug|Any CPU
		{7077A931-7247-4CCA-AE1C-D24BFBD84600}.Release|Any CPU.ActiveCfg = Release|Any CPU
		{7077A931-7247-4CCA-AE1C-D24BFBD84600}.Release|Any CPU.Build.0 = Release|Any CPU
		{96D431A8-3D14-496D-8357-1D4750AEB13D}.Debug|Any CPU.ActiveCfg = Debug|Any CPU
		{96D431A8-3D14-496D-8357-1D4750AEB13D}.Debug|Any CPU.Build.0 = Debug|Any CPU
		{96D431A8-3D14-496D-8357-1D4750AEB13D}.Release|Any CPU.ActiveCfg = Release|Any CPU
		{96D431A8-3D14-496D-8357-1D4750AEB13D}.Release|Any CPU.Build.0 = Release|Any CPU
		{214A2D6F-AD73-4B18-911D-896B7B001768}.Debug|Any CPU.ActiveCfg = Debug|Any CPU
		{214A2D6F-AD73-4B18-911D-896B7B001768}.Debug|Any CPU.Build.0 = Debug|Any CPU
		{214A2D6F-AD73-4B18-911D-896B7B001768}.Release|Any CPU.ActiveCfg = Release|Any CPU
		{214A2D6F-AD73-4B18-911D-896B7B001768}.Release|Any CPU.Build.0 = Release|Any CPU
		{5ABDE5AE-B960-4373-90DB-8CC05CBC37A4}.Debug|Any CPU.ActiveCfg = Debug|Any CPU
		{5ABDE5AE-B960-4373-90DB-8CC05CBC37A4}.Debug|Any CPU.Build.0 = Debug|Any CPU
		{5ABDE5AE-B960-4373-90DB-8CC05CBC37A4}.Release|Any CPU.ActiveCfg = Release|Any CPU
		{5ABDE5AE-B960-4373-90DB-8CC05CBC37A4}.Release|Any CPU.Build.0 = Release|Any CPU
		{31DEC414-7BD9-4007-85FA-66FD85D8445A}.Debug|Any CPU.ActiveCfg = Debug|Any CPU
		{31DEC414-7BD9-4007-85FA-66FD85D8445A}.Debug|Any CPU.Build.0 = Debug|Any CPU
		{31DEC414-7BD9-4007-85FA-66FD85D8445A}.Release|Any CPU.ActiveCfg = Release|Any CPU
		{31DEC414-7BD9-4007-85FA-66FD85D8445A}.Release|Any CPU.Build.0 = Release|Any CPU
		{FA54AAD2-4810-48B2-900B-EF432ECD7831}.Debug|Any CPU.ActiveCfg = Debug|Any CPU
		{FA54AAD2-4810-48B2-900B-EF432ECD7831}.Debug|Any CPU.Build.0 = Debug|Any CPU
		{FA54AAD2-4810-48B2-900B-EF432ECD7831}.Release|Any CPU.ActiveCfg = Release|Any CPU
		{FA54AAD2-4810-48B2-900B-EF432ECD7831}.Release|Any CPU.Build.0 = Release|Any CPU
		{5699CCCF-A6C0-4545-970B-0FD5C27C6FD4}.Debug|Any CPU.ActiveCfg = Debug|Any CPU
		{5699CCCF-A6C0-4545-970B-0FD5C27C6FD4}.Debug|Any CPU.Build.0 = Debug|Any CPU
		{5699CCCF-A6C0-4545-970B-0FD5C27C6FD4}.Release|Any CPU.ActiveCfg = Release|Any CPU
		{5699CCCF-A6C0-4545-970B-0FD5C27C6FD4}.Release|Any CPU.Build.0 = Release|Any CPU
		{72D8BEC3-B040-4819-9F7E-BDB4D9042B93}.Debug|Any CPU.ActiveCfg = Debug|Any CPU
		{72D8BEC3-B040-4819-9F7E-BDB4D9042B93}.Debug|Any CPU.Build.0 = Debug|Any CPU
		{72D8BEC3-B040-4819-9F7E-BDB4D9042B93}.Release|Any CPU.ActiveCfg = Release|Any CPU
		{72D8BEC3-B040-4819-9F7E-BDB4D9042B93}.Release|Any CPU.Build.0 = Release|Any CPU
		{5852DF8D-5876-4D4E-A8E1-0079FE90850E}.Debug|Any CPU.ActiveCfg = Debug|Any CPU
		{5852DF8D-5876-4D4E-A8E1-0079FE90850E}.Debug|Any CPU.Build.0 = Debug|Any CPU
		{5852DF8D-5876-4D4E-A8E1-0079FE90850E}.Release|Any CPU.ActiveCfg = Release|Any CPU
		{5852DF8D-5876-4D4E-A8E1-0079FE90850E}.Release|Any CPU.Build.0 = Release|Any CPU
		{1AE51C70-5883-E034-F7C1-B95B758830CD}.Debug|Any CPU.ActiveCfg = Debug|Any CPU
		{1AE51C70-5883-E034-F7C1-B95B758830CD}.Debug|Any CPU.Build.0 = Debug|Any CPU
		{1AE51C70-5883-E034-F7C1-B95B758830CD}.Release|Any CPU.ActiveCfg = Release|Any CPU
		{1AE51C70-5883-E034-F7C1-B95B758830CD}.Release|Any CPU.Build.0 = Release|Any CPU
	EndGlobalSection
	GlobalSection(SolutionProperties) = preSolution
		HideSolutionNode = FALSE
	EndGlobalSection
	GlobalSection(NestedProjects) = preSolution
		{ED8248C6-CE84-469E-A28B-1ED90A2D7CB6} = {1823B559-E142-4E96-B927-DF861817AF4E}
		{5818105B-4A26-4BAC-BD85-FBCA715FC29C} = {E8C95F64-3001-4F08-B774-A6A89EB2945D}
		{9B5EC020-6BDC-43CC-A953-621551456067} = {FAC17E50-040A-4C01-A4DC-DC21B61DA444}
		{11C388D2-0FE7-4056-BA2E-2578F6D46A46} = {2CBEF95D-63EB-4570-8FE9-72C05A30A0F0}
		{3FC3D2F6-2659-476E-BA4B-EF9B75A519E9} = {2CBEF95D-63EB-4570-8FE9-72C05A30A0F0}
		{35372137-1612-40A6-B9FD-DE6E51A0827D} = {2CBEF95D-63EB-4570-8FE9-72C05A30A0F0}
		{D9A67550-9494-467C-B3E7-A6FF319EE8ED} = {FAC17E50-040A-4C01-A4DC-DC21B61DA444}
		{603926E4-F656-459C-92A3-B7354BF952FA} = {FAC17E50-040A-4C01-A4DC-DC21B61DA444}
		{721A74D2-0391-4863-ABA8-5CA386732B36} = {FAC17E50-040A-4C01-A4DC-DC21B61DA444}
		{80E326BE-2F62-4C0E-97F7-81FB662D9EAA} = {FAC17E50-040A-4C01-A4DC-DC21B61DA444}
		{6C119F41-2986-4111-B9E2-9E9E493F597E} = {A1D69499-3CCF-4BBC-AE6E-0281286A1F3F}
		{A00C0296-1819-4944-9D0E-EDF72C80E282} = {A1D69499-3CCF-4BBC-AE6E-0281286A1F3F}
		{683C4524-E19C-416C-9695-B5E247B500EB} = {E8C95F64-3001-4F08-B774-A6A89EB2945D}
		{694FF0D7-ECD5-448C-B78B-F15D986D2D6F} = {2CBEF95D-63EB-4570-8FE9-72C05A30A0F0}
		{6DBB3EC4-8335-4460-91F3-F9EAF3FB22E2} = {362A9E7C-45ED-45C0-887B-E9FB00FE190B}
		{67735C81-ECA7-477D-A608-9C34AE3EF2D1} = {FAC17E50-040A-4C01-A4DC-DC21B61DA444}
		{D8707910-F88B-4E0F-BCD8-BC8D2CE3096C} = {1737C916-64F1-46A4-B344-B72FC6AA5D67}
		{7867A3AC-22BC-4D6D-BD38-7AE678336712} = {A86F5B8A-8988-404B-A8D5-4B7A9998C51C}
		{FE67964D-EFED-4AD9-B7D3-9C28FF6FDCAD} = {A86F5B8A-8988-404B-A8D5-4B7A9998C51C}
		{2C7BB597-B497-4340-A260-77ED7A72BBD0} = {A86F5B8A-8988-404B-A8D5-4B7A9998C51C}
		{1C657994-E862-46E6-9E2E-5EC2589EDDDB} = {A1D69499-3CCF-4BBC-AE6E-0281286A1F3F}
		{29A69FE9-79CF-479C-9ADC-42EFC1C3D765} = {67735C81-ECA7-477D-A608-9C34AE3EF2D1}
		{39B995EC-E237-4910-A05F-5A579C76EF36} = {29A69FE9-79CF-479C-9ADC-42EFC1C3D765}
		{BCE575AC-2286-405C-A782-8AEF5C2F5938} = {29A69FE9-79CF-479C-9ADC-42EFC1C3D765}
		{7D07DFA9-283E-4631-8ABB-546148298A69} = {B2D38948-4CBF-49BB-8708-A508012D6FC2}
		{D19D50DE-FE50-4FD5-8A1D-FDAFECB18557} = {E8C95F64-3001-4F08-B774-A6A89EB2945D}
		{7077A931-7247-4CCA-AE1C-D24BFBD84600} = {CC97614A-5CDD-40F8-B82E-7471EE110AEC}
		{96D431A8-3D14-496D-8357-1D4750AEB13D} = {B2D38948-4CBF-49BB-8708-A508012D6FC2}
		{214A2D6F-AD73-4B18-911D-896B7B001768} = {A1D69499-3CCF-4BBC-AE6E-0281286A1F3F}
		{5ABDE5AE-B960-4373-90DB-8CC05CBC37A4} = {A1D69499-3CCF-4BBC-AE6E-0281286A1F3F}
		{31DEC414-7BD9-4007-85FA-66FD85D8445A} = {A1D69499-3CCF-4BBC-AE6E-0281286A1F3F}
		{FA54AAD2-4810-48B2-900B-EF432ECD7831} = {FAC17E50-040A-4C01-A4DC-DC21B61DA444}
		{5699CCCF-A6C0-4545-970B-0FD5C27C6FD4} = {CC97614A-5CDD-40F8-B82E-7471EE110AEC}
		{72D8BEC3-B040-4819-9F7E-BDB4D9042B93} = {04B7C64B-CD96-48FD-8474-03350BE14F1B}
		{5852DF8D-5876-4D4E-A8E1-0079FE90850E} = {04B7C64B-CD96-48FD-8474-03350BE14F1B}
		{1AE51C70-5883-E034-F7C1-B95B758830CD} = {FAC17E50-040A-4C01-A4DC-DC21B61DA444}
	EndGlobalSection
	GlobalSection(ExtensibilityGlobals) = postSolution
		SolutionGuid = {D64A03C5-D2E1-49C8-A7A9-D6022941DE01}
	EndGlobalSection
EndGlobal
